{
  "name": "new-folder-(2)",
  "version": "1.0.0",
  "lockfileVersion": 3,
  "requires": true,
  "packages": {
    "": {
      "name": "new-folder-(2)",
      "version": "1.0.0",
      "license": "ISC",
      "dependencies": {
        "ainasepics": "^4.6.14"
      }
    },
    "node_modules/ainasepics": {
      "version": "4.6.14",
      "resolved": "https://registry.npmjs.org/ainasepics/-/ainasepics-4.6.14.tgz",
      "integrity": "sha512-9BLQLTMv1zKh5GjoCDNaKJBOzA7eHcO0Oaf74uy5le/v2nP+wQ2jl8DBoc5CLNmCyUKgrRMLi3js58ffnpLFJA=="
    }
  }
}
